
Microsoft Visual Studio Solution File, Format Version 12.00
# Visual Studio Version 16
VisualStudioVersion = 16.0.31321.278
MinimumVisualStudioVersion = 10.0.40219.1
Project("{FAE04EC0-301F-11D3-BF4B-00C04F79EFBC}") = "HomeworkRegex", "HomeworkRegex.csproj", "{53658F6E-6CA9-4815-9499-71310D3A6346}"
EndProject
Global
	GlobalSection(SolutionConfigurationPlatforms) = preSolution
		Debug|Any CPU = Debug|Any CPU
		Release|Any CPU = Release|Any CPU
	EndGlobalSection
	GlobalSection(ProjectConfigurationPlatforms) = postSolution
		{53658F6E-6CA9-4815-9499-71310D3A6346}.Debug|Any CPU.ActiveCfg = Debug|Any CPU
		{53658F6E-6CA9-4815-9499-71310D3A6346}.Debug|Any CPU.Build.0 = Debug|Any CPU
		{53658F6E-6CA9-4815-9499-71310D3A6346}.Release|Any CPU.ActiveCfg = Release|Any CPU
		{53658F6E-6CA9-4815-9499-71310D3A6346}.Release|Any CPU.Build.0 = Release|Any CPU
	EndGlobalSection
	GlobalSection(SolutionProperties) = preSolution
		HideSolutionNode = FALSE
	EndGlobalSection
	GlobalSection(ExtensibilityGlobals) = postSolution
		SolutionGuid = {7B81D7EB-DACC-47A6-850D-157C715E206D}
	EndGlobalSection
EndGlobal
